
Microsoft Visual Studio Solution File, Format Version 12.00
# Visual Studio Version 17
VisualStudioVersion = 17.7.34031.279
MinimumVisualStudioVersion = 10.0.40219.1
Project("{FAE04EC0-301F-11D3-BF4B-00C04F79EFBC}") = "exercicio4", "exercicio4.csproj", "{7DA13721-5E05-42CD-9143-26F7813ED473}"
EndProject
Global
	GlobalSection(SolutionConfigurationPlatforms) = preSolution
		Debug|Any CPU = Debug|Any CPU
		Release|Any CPU = Release|Any CPU
	EndGlobalSection
	GlobalSection(ProjectConfigurationPlatforms) = postSolution
		{7DA13721-5E05-42CD-9143-26F7813ED473}.Debug|Any CPU.ActiveCfg = Debug|Any CPU
		{7DA13721-5E05-42CD-9143-26F7813ED473}.Debug|Any CPU.Build.0 = Debug|Any CPU
		{7DA13721-5E05-42CD-9143-26F7813ED473}.Release|Any CPU.ActiveCfg = Release|Any CPU
		{7DA13721-5E05-42CD-9143-26F7813ED473}.Release|Any CPU.Build.0 = Release|Any CPU
	EndGlobalSection
	GlobalSection(SolutionProperties) = preSolution
		HideSolutionNode = FALSE
	EndGlobalSection
	GlobalSection(ExtensibilityGlobals) = postSolution
		SolutionGuid = {38ABEE35-BBC2-4A8D-BDDB-92800996C612}
	EndGlobalSection
EndGlobal
